
Microsoft Visual Studio Solution File, Format Version 12.00
# Visual Studio Version 16
VisualStudioVersion = 25.0.1700.0
MinimumVisualStudioVersion = 10.0.40219.1
Project("{FAE04EC0-301F-11D3-BF4B-00C04F79EFBC}") = "GetIpClient", "GetIpClient\GetIpClient.csproj", "{4AA3BFE4-9F65-4FC6-AA94-7C3E37B94BE4}"
EndProject
Global
	GlobalSection(SolutionConfigurationPlatforms) = preSolution
		Debug|Any CPU = Debug|Any CPU
		Release|Any CPU = Release|Any CPU
	EndGlobalSection
	GlobalSection(ProjectConfigurationPlatforms) = postSolution
		{4AA3BFE4-9F65-4FC6-AA94-7C3E37B94BE4}.Debug|Any CPU.ActiveCfg = Debug|Any CPU
		{4AA3BFE4-9F65-4FC6-AA94-7C3E37B94BE4}.Debug|Any CPU.Build.0 = Debug|Any CPU
		{4AA3BFE4-9F65-4FC6-AA94-7C3E37B94BE4}.Release|Any CPU.ActiveCfg = Release|Any CPU
		{4AA3BFE4-9F65-4FC6-AA94-7C3E37B94BE4}.Release|Any CPU.Build.0 = Release|Any CPU
	EndGlobalSection
	GlobalSection(SolutionProperties) = preSolution
		HideSolutionNode = FALSE
	EndGlobalSection
	GlobalSection(ExtensibilityGlobals) = postSolution
		SolutionGuid = {C521B54E-0106-4043-B4F1-B645998E4CC6}
	EndGlobalSection
EndGlobal
